
Microsoft Visual Studio Solution File, Format Version 12.00
# Visual Studio Version 17
VisualStudioVersion = 17.3.32819.101
MinimumVisualStudioVersion = 10.0.40219.1
Project("{FAE04EC0-301F-11D3-BF4B-00C04F79EFBC}") = "Presentation", "Presentation\Presentation.csproj", "{52CDC86E-9E49-4C3C-8D52-C8C67470DBED}"
EndProject
Global
	GlobalSection(SolutionConfigurationPlatforms) = preSolution
		Debug|Any CPU = Debug|Any CPU
		Release|Any CPU = Release|Any CPU
	EndGlobalSection
	GlobalSection(ProjectConfigurationPlatforms) = postSolution
		{52CDC86E-9E49-4C3C-8D52-C8C67470DBED}.Debug|Any CPU.ActiveCfg = Debug|Any CPU
		{52CDC86E-9E49-4C3C-8D52-C8C67470DBED}.Debug|Any CPU.Build.0 = Debug|Any CPU
		{52CDC86E-9E49-4C3C-8D52-C8C67470DBED}.Release|Any CPU.ActiveCfg = Release|Any CPU
		{52CDC86E-9E49-4C3C-8D52-C8C67470DBED}.Release|Any CPU.Build.0 = Release|Any CPU
	EndGlobalSection
	GlobalSection(SolutionProperties) = preSolution
		HideSolutionNode = FALSE
	EndGlobalSection
	GlobalSection(ExtensibilityGlobals) = postSolution
		SolutionGuid = {BDA27FE5-E170-4576-A517-25280B91A4AD}
	EndGlobalSection
EndGlobal
